PODS:
  - CryptoSwift (1.7.1)
  - DGNetworkingServices (1.0.23)
  - FlexibleSteppedProgressBar (0.7.2)
  - IQKeyboardManagerSwift (6.5.11)
  - QRScanner (0.1.1)
  - SDWebImage (5.15.8):
    - SDWebImage/Core (= 5.15.8)
  - SDWebImage/Core (5.15.8)
  - SwiftLint (0.52.2)
  - SwiftProtobuf (1.21.0)
  - TrustWalletCore (3.1.35):
    - TrustWalletCore/Core (= 3.1.35)
  - TrustWalletCore/Core (3.1.35):
    - TrustWalletCore/Types
  - TrustWalletCore/Types (3.1.35):
    - SwiftProtobuf

DEPENDENCIES:
  - CryptoSwift (~> 1.7.1)
  - DGNetworkingServices
  - FlexibleSteppedProgressBar
  - IQKeyboardManagerSwift
  - QRScanner
  - SDWebImage
  - SwiftLint
  - TrustWalletCore

SPEC REPOS:
  trunk:
    - CryptoSwift
    - DGNetworkingServices
    - FlexibleSteppedProgressBar
    - IQKeyboardManagerSwift
    - QRScanner
    - SDWebImage
    - SwiftLint
    - SwiftProtobuf
    - TrustWalletCore

SPEC CHECKSUMS:
  CryptoSwift: d3d18dc357932f7e6d580689e065cf1f176007c1
  DGNetworkingServices: 7a1f94ba2598f2e1b0b990c15633b34ac19489b5
  FlexibleSteppedProgressBar: 6a781cfed749bf59c69813a8706aa397c342ab5c
  IQKeyboardManagerSwift: c7955c0bdbf7b2eb29bb7daaa44e3d90f55a9a85
  QRScanner: ba312fb61ea8f1b094e489b8a539ce99bf41b80b
  SDWebImage: cb032eba469c54e0000e78bcb0a13cdde0a52798
  SwiftLint: 1ac76dac888ca05cb0cf24d0c85887ec1209961d
  SwiftProtobuf: afced68785854575756db965e9da52bbf3dc45e7
  TrustWalletCore: 188beb78722894c4cd4419ea30ef2dc793489401

PODFILE CHECKSUM: 125b67ad37db5214c4b01488b3094efa9a451619

COCOAPODS: 1.12.1
